
Microsoft Visual Studio Solution File, Format Version 12.00
# Visual Studio Version 17
VisualStudioVersion = 17.12.35527.113 d17.12
MinimumVisualStudioVersion = 10.0.40219.1
Project("{FAE04EC0-301F-11D3-BF4B-00C04F79EFBC}") = "Pos", "Pos.csproj", "{6AE2B79A-34A8-4554-A943-151A069FE50C}"
EndProject
Project("{FAE04EC0-301F-11D3-BF4B-00C04F79EFBC}") = "Api", "..\Api\Api.csproj", "{31A301D5-6BA3-4248-8530-7A7A24809429}"
EndProject
Global
	GlobalSection(SolutionConfigurationPlatforms) = preSolution
		Debug|Any CPU = Debug|Any CPU
		Release|Any CPU = Release|Any CPU
	EndGlobalSection
	GlobalSection(ProjectConfigurationPlatforms) = postSolution
		{6AE2B79A-34A8-4554-A943-151A069FE50C}.Debug|Any CPU.ActiveCfg = Debug|Any CPU
		{6AE2B79A-34A8-4554-A943-151A069FE50C}.Debug|Any CPU.Build.0 = Debug|Any CPU
		{6AE2B79A-34A8-4554-A943-151A069FE50C}.Release|Any CPU.ActiveCfg = Release|Any CPU
		{6AE2B79A-34A8-4554-A943-151A069FE50C}.Release|Any CPU.Build.0 = Release|Any CPU
		{31A301D5-6BA3-4248-8530-7A7A24809429}.Debug|Any CPU.ActiveCfg = Debug|Any CPU
		{31A301D5-6BA3-4248-8530-7A7A24809429}.Debug|Any CPU.Build.0 = Debug|Any CPU
		{31A301D5-6BA3-4248-8530-7A7A24809429}.Release|Any CPU.ActiveCfg = Release|Any CPU
		{31A301D5-6BA3-4248-8530-7A7A24809429}.Release|Any CPU.Build.0 = Release|Any CPU
	EndGlobalSection
	GlobalSection(SolutionProperties) = preSolution
		HideSolutionNode = FALSE
	EndGlobalSection
EndGlobal
