
Microsoft Visual Studio Solution File, Format Version 12.00
# Visual Studio Version 17
VisualStudioVersion = 17.12.35514.174 d17.12
MinimumVisualStudioVersion = 10.0.40219.1
Project("{FAE04EC0-301F-11D3-BF4B-00C04F79EFBC}") = "Pos", "Pos.csproj", "{2C7F2189-15EC-4657-B32E-090E732B41E4}"
EndProject
Project("{FAE04EC0-301F-11D3-BF4B-00C04F79EFBC}") = "API", "..\API\API.csproj", "{7CA0BE8F-0A2D-4DF9-8CC4-9144899C6C43}"
EndProject
Global
	GlobalSection(SolutionConfigurationPlatforms) = preSolution
		Debug|Any CPU = Debug|Any CPU
		Release|Any CPU = Release|Any CPU
	EndGlobalSection
	GlobalSection(ProjectConfigurationPlatforms) = postSolution
		{2C7F2189-15EC-4657-B32E-090E732B41E4}.Debug|Any CPU.ActiveCfg = Debug|Any CPU
		{2C7F2189-15EC-4657-B32E-090E732B41E4}.Debug|Any CPU.Build.0 = Debug|Any CPU
		{2C7F2189-15EC-4657-B32E-090E732B41E4}.Release|Any CPU.ActiveCfg = Release|Any CPU
		{2C7F2189-15EC-4657-B32E-090E732B41E4}.Release|Any CPU.Build.0 = Release|Any CPU
		{7CA0BE8F-0A2D-4DF9-8CC4-9144899C6C43}.Debug|Any CPU.ActiveCfg = Debug|Any CPU
		{7CA0BE8F-0A2D-4DF9-8CC4-9144899C6C43}.Debug|Any CPU.Build.0 = Debug|Any CPU
		{7CA0BE8F-0A2D-4DF9-8CC4-9144899C6C43}.Release|Any CPU.ActiveCfg = Release|Any CPU
		{7CA0BE8F-0A2D-4DF9-8CC4-9144899C6C43}.Release|Any CPU.Build.0 = Release|Any CPU
	EndGlobalSection
	GlobalSection(SolutionProperties) = preSolution
		HideSolutionNode = FALSE
	EndGlobalSection
EndGlobal
